
Microsoft Visual Studio Solution File, Format Version 11.00
# Visual Studio 2010
Project("{F184B08F-C81C-45F6-A57F-5ABD9991F28F}") = "WBE", "WBE\WBE.vbproj", "{7A3DF758-2A73-4430-9213-7899BD0C6331}"
EndProject
Project("{2150E333-8FDC-42A3-9474-1A3956D46DE8}") = "Solution Items", "Solution Items", "{E6DB948B-97A4-4110-BF54-EB8645CDA347}"
	ProjectSection(SolutionItems) = preProject
		WBE\bin\Debug\WBE.mdf = WBE\bin\Debug\WBE.mdf
	EndProjectSection
EndProject
Project("{F184B08F-C81C-45F6-A57F-5ABD9991F28F}") = "libWBEBR", "libWBEBR\libWBEBR.vbproj", "{056CC86C-B001-45FB-8EAD-580D6B6FFD44}"
EndProject
Project("{F184B08F-C81C-45F6-A57F-5ABD9991F28F}") = "libWBEData", "libWBEData\libWBEData.vbproj", "{DC152EDF-55A9-4349-9C1E-D0B15D2AD841}"
EndProject
Project("{F184B08F-C81C-45F6-A57F-5ABD9991F28F}") = "TestWBE", "TestWBE\TestWBE.vbproj", "{4E6D2345-2B6E-41F6-8A7E-3B197B735E7B}"
EndProject
Project("{F184B08F-C81C-45F6-A57F-5ABD9991F28F}") = "WBE-WebApplication", "Web\WBE-WebApplication\WBE-WebApplication\WBE-WebApplication.vbproj", "{F78755B2-BE66-421F-89FB-EC5DB64156B7}"
EndProject
Global
	GlobalSection(SolutionConfigurationPlatforms) = preSolution
		Debug|Any CPU = Debug|Any CPU
		Debug|Mixed Platforms = Debug|Mixed Platforms
		Debug|x86 = Debug|x86
		Release|Any CPU = Release|Any CPU
		Release|Mixed Platforms = Release|Mixed Platforms
		Release|x86 = Release|x86
	EndGlobalSection
	GlobalSection(ProjectConfigurationPlatforms) = postSolution
		{7A3DF758-2A73-4430-9213-7899BD0C6331}.Debug|Any CPU.ActiveCfg = Debug|x86
		{7A3DF758-2A73-4430-9213-7899BD0C6331}.Debug|Mixed Platforms.ActiveCfg = Debug|x86
		{7A3DF758-2A73-4430-9213-7899BD0C6331}.Debug|Mixed Platforms.Build.0 = Debug|x86
		{7A3DF758-2A73-4430-9213-7899BD0C6331}.Debug|x86.ActiveCfg = Debug|x86
		{7A3DF758-2A73-4430-9213-7899BD0C6331}.Debug|x86.Build.0 = Debug|x86
		{7A3DF758-2A73-4430-9213-7899BD0C6331}.Release|Any CPU.ActiveCfg = Release|x86
		{7A3DF758-2A73-4430-9213-7899BD0C6331}.Release|Mixed Platforms.ActiveCfg = Release|x86
		{7A3DF758-2A73-4430-9213-7899BD0C6331}.Release|Mixed Platforms.Build.0 = Release|x86
		{7A3DF758-2A73-4430-9213-7899BD0C6331}.Release|x86.ActiveCfg = Release|x86
		{7A3DF758-2A73-4430-9213-7899BD0C6331}.Release|x86.Build.0 = Release|x86
		{056CC86C-B001-45FB-8EAD-580D6B6FFD44}.Debug|Any CPU.ActiveCfg = Debug|Any CPU
		{056CC86C-B001-45FB-8EAD-580D6B6FFD44}.Debug|Any CPU.Build.0 = Debug|Any CPU
		{056CC86C-B001-45FB-8EAD-580D6B6FFD44}.Debug|Mixed Platforms.ActiveCfg = Debug|Any CPU
		{056CC86C-B001-45FB-8EAD-580D6B6FFD44}.Debug|Mixed Platforms.Build.0 = Debug|Any CPU
		{056CC86C-B001-45FB-8EAD-580D6B6FFD44}.Debug|x86.ActiveCfg = Debug|Any CPU
		{056CC86C-B001-45FB-8EAD-580D6B6FFD44}.Release|Any CPU.ActiveCfg = Release|Any CPU
		{056CC86C-B001-45FB-8EAD-580D6B6FFD44}.Release|Any CPU.Build.0 = Release|Any CPU
		{056CC86C-B001-45FB-8EAD-580D6B6FFD44}.Release|Mixed Platforms.ActiveCfg = Release|Any CPU
		{056CC86C-B001-45FB-8EAD-580D6B6FFD44}.Release|Mixed Platforms.Build.0 = Release|Any CPU
		{056CC86C-B001-45FB-8EAD-580D6B6FFD44}.Release|x86.ActiveCfg = Release|Any CPU
		{DC152EDF-55A9-4349-9C1E-D0B15D2AD841}.Debug|Any CPU.ActiveCfg = Debug|Any CPU
		{DC152EDF-55A9-4349-9C1E-D0B15D2AD841}.Debug|Any CPU.Build.0 = Debug|Any CPU
		{DC152EDF-55A9-4349-9C1E-D0B15D2AD841}.Debug|Mixed Platforms.ActiveCfg = Debug|Any CPU
		{DC152EDF-55A9-4349-9C1E-D0B15D2AD841}.Debug|Mixed Platforms.Build.0 = Debug|Any CPU
		{DC152EDF-55A9-4349-9C1E-D0B15D2AD841}.Debug|x86.ActiveCfg = Debug|Any CPU
		{DC152EDF-55A9-4349-9C1E-D0B15D2AD841}.Release|Any CPU.ActiveCfg = Release|Any CPU
		{DC152EDF-55A9-4349-9C1E-D0B15D2AD841}.Release|Any CPU.Build.0 = Release|Any CPU
		{DC152EDF-55A9-4349-9C1E-D0B15D2AD841}.Release|Mixed Platforms.ActiveCfg = Release|Any CPU
		{DC152EDF-55A9-4349-9C1E-D0B15D2AD841}.Release|Mixed Platforms.Build.0 = Release|Any CPU
		{DC152EDF-55A9-4349-9C1E-D0B15D2AD841}.Release|x86.ActiveCfg = Release|Any CPU
		{4E6D2345-2B6E-41F6-8A7E-3B197B735E7B}.Debug|Any CPU.ActiveCfg = Debug|Any CPU
		{4E6D2345-2B6E-41F6-8A7E-3B197B735E7B}.Debug|Any CPU.Build.0 = Debug|Any CPU
		{4E6D2345-2B6E-41F6-8A7E-3B197B735E7B}.Debug|Mixed Platforms.ActiveCfg = Debug|Any CPU
		{4E6D2345-2B6E-41F6-8A7E-3B197B735E7B}.Debug|Mixed Platforms.Build.0 = Debug|Any CPU
		{4E6D2345-2B6E-41F6-8A7E-3B197B735E7B}.Debug|x86.ActiveCfg = Debug|Any CPU
		{4E6D2345-2B6E-41F6-8A7E-3B197B735E7B}.Release|Any CPU.ActiveCfg = Release|Any CPU
		{4E6D2345-2B6E-41F6-8A7E-3B197B735E7B}.Release|Any CPU.Build.0 = Release|Any CPU
		{4E6D2345-2B6E-41F6-8A7E-3B197B735E7B}.Release|Mixed Platforms.ActiveCfg = Release|Any CPU
		{4E6D2345-2B6E-41F6-8A7E-3B197B735E7B}.Release|Mixed Platforms.Build.0 = Release|Any CPU
		{4E6D2345-2B6E-41F6-8A7E-3B197B735E7B}.Release|x86.ActiveCfg = Release|Any CPU
		{F78755B2-BE66-421F-89FB-EC5DB64156B7}.Debug|Any CPU.ActiveCfg = Debug|Any CPU
		{F78755B2-BE66-421F-89FB-EC5DB64156B7}.Debug|Any CPU.Build.0 = Debug|Any CPU
		{F78755B2-BE66-421F-89FB-EC5DB64156B7}.Debug|Mixed Platforms.ActiveCfg = Debug|Any CPU
		{F78755B2-BE66-421F-89FB-EC5DB64156B7}.Debug|Mixed Platforms.Build.0 = Debug|Any CPU
		{F78755B2-BE66-421F-89FB-EC5DB64156B7}.Debug|x86.ActiveCfg = Debug|Any CPU
		{F78755B2-BE66-421F-89FB-EC5DB64156B7}.Release|Any CPU.ActiveCfg = Release|Any CPU
		{F78755B2-BE66-421F-89FB-EC5DB64156B7}.Release|Any CPU.Build.0 = Release|Any CPU
		{F78755B2-BE66-421F-89FB-EC5DB64156B7}.Release|Mixed Platforms.ActiveCfg = Release|Any CPU
		{F78755B2-BE66-421F-89FB-EC5DB64156B7}.Release|Mixed Platforms.Build.0 = Release|Any CPU
		{F78755B2-BE66-421F-89FB-EC5DB64156B7}.Release|x86.ActiveCfg = Release|Any CPU
	EndGlobalSection
	GlobalSection(SolutionProperties) = preSolution
		HideSolutionNode = FALSE
	EndGlobalSection
EndGlobal
